
Microsoft Visual Studio Solution File, Format Version 12.00
# Visual Studio Version 16
VisualStudioVersion = 16.0.30320.27
MinimumVisualStudioVersion = 10.0.40219.1
Project("{FAE04EC0-301F-11D3-BF4B-00C04F79EFBC}") = "C698-Product-WPF", "C698-Product-WPF\C698-Product-WPF.csproj", "{29F8B97E-7259-4551-AF23-A3024E352C15}"
EndProject
Global
	GlobalSection(SolutionConfigurationPlatforms) = preSolution
		Debug|Any CPU = Debug|Any CPU
		Release|Any CPU = Release|Any CPU
	EndGlobalSection
	GlobalSection(ProjectConfigurationPlatforms) = postSolution
		{29F8B97E-7259-4551-AF23-A3024E352C15}.Debug|Any CPU.ActiveCfg = Debug|Any CPU
		{29F8B97E-7259-4551-AF23-A3024E352C15}.Debug|Any CPU.Build.0 = Debug|Any CPU
		{29F8B97E-7259-4551-AF23-A3024E352C15}.Release|Any CPU.ActiveCfg = Release|Any CPU
		{29F8B97E-7259-4551-AF23-A3024E352C15}.Release|Any CPU.Build.0 = Release|Any CPU
	EndGlobalSection
	GlobalSection(SolutionProperties) = preSolution
		HideSolutionNode = FALSE
	EndGlobalSection
	GlobalSection(ExtensibilityGlobals) = postSolution
		SolutionGuid = {4EA33803-E3EC-4B7D-A17F-857D5C21DCA5}
	EndGlobalSection
EndGlobal
